
Microsoft Visual Studio Solution File, Format Version 12.00
# Visual Studio Version 17
VisualStudioVersion = 17.1.32210.238
MinimumVisualStudioVersion = 10.0.40219.1
Project("{FAE04EC0-301F-11D3-BF4B-00C04F79EFBC}") = "hotel-booking", "hotel-booking\hotel-booking.csproj", "{4140A8F1-09D9-484C-960A-E644DD5601E6}"
EndProject
Global
	GlobalSection(SolutionConfigurationPlatforms) = preSolution
		Debug|Any CPU = Debug|Any CPU
		Release|Any CPU = Release|Any CPU
	EndGlobalSection
	GlobalSection(ProjectConfigurationPlatforms) = postSolution
		{4140A8F1-09D9-484C-960A-E644DD5601E6}.Debug|Any CPU.ActiveCfg = Debug|Any CPU
		{4140A8F1-09D9-484C-960A-E644DD5601E6}.Debug|Any CPU.Build.0 = Debug|Any CPU
		{4140A8F1-09D9-484C-960A-E644DD5601E6}.Release|Any CPU.ActiveCfg = Release|Any CPU
		{4140A8F1-09D9-484C-960A-E644DD5601E6}.Release|Any CPU.Build.0 = Release|Any CPU
	EndGlobalSection
	GlobalSection(SolutionProperties) = preSolution
		HideSolutionNode = FALSE
	EndGlobalSection
	GlobalSection(ExtensibilityGlobals) = postSolution
		SolutionGuid = {AE7C3755-63A6-417B-BE7D-ED03932D5EEC}
	EndGlobalSection
EndGlobal
